
Microsoft Visual Studio Solution File, Format Version 12.00
# Visual Studio Version 16
VisualStudioVersion = 16.0.30517.126
MinimumVisualStudioVersion = 10.0.40219.1
Project("{FAE04EC0-301F-11D3-BF4B-00C04F79EFBC}") = "WinRetail_Auto_Task_Utility", "WinRetail_Auto_Task_Utility\WinRetail_Auto_Task_Utility.csproj", "{22A0B12F-3001-40AA-86E9-51E747768BBB}"
EndProject
Project("{2150E333-8FDC-42A3-9474-1A3956D46DE8}") = "Solution Items", "Solution Items", "{53A7075A-1B5A-4A5B-9F31-10BE55C25DC2}"
EndProject
Project("{9A19103F-16F7-4668-BE54-9A1E7A4F7556}") = "DataModel", "DataModel\DataModel.csproj", "{672A1D4A-BF82-418B-84B8-B64463A10C66}"
EndProject
Project("{FAE04EC0-301F-11D3-BF4B-00C04F79EFBC}") = "TransLog", "TransLog\TransLog.csproj", "{B8AE878B-BBBD-4D81-A5C4-54BC86846975}"
EndProject
Global
	GlobalSection(SolutionConfigurationPlatforms) = preSolution
		Debug|Any CPU = Debug|Any CPU
		Release|Any CPU = Release|Any CPU
	EndGlobalSection
	GlobalSection(ProjectConfigurationPlatforms) = postSolution
		{22A0B12F-3001-40AA-86E9-51E747768BBB}.Debug|Any CPU.ActiveCfg = Debug|Any CPU
		{22A0B12F-3001-40AA-86E9-51E747768BBB}.Debug|Any CPU.Build.0 = Debug|Any CPU
		{22A0B12F-3001-40AA-86E9-51E747768BBB}.Release|Any CPU.ActiveCfg = Release|Any CPU
		{22A0B12F-3001-40AA-86E9-51E747768BBB}.Release|Any CPU.Build.0 = Release|Any CPU
		{672A1D4A-BF82-418B-84B8-B64463A10C66}.Debug|Any CPU.ActiveCfg = Debug|Any CPU
		{672A1D4A-BF82-418B-84B8-B64463A10C66}.Debug|Any CPU.Build.0 = Debug|Any CPU
		{672A1D4A-BF82-418B-84B8-B64463A10C66}.Release|Any CPU.ActiveCfg = Release|Any CPU
		{672A1D4A-BF82-418B-84B8-B64463A10C66}.Release|Any CPU.Build.0 = Release|Any CPU
		{B8AE878B-BBBD-4D81-A5C4-54BC86846975}.Debug|Any CPU.ActiveCfg = Debug|Any CPU
		{B8AE878B-BBBD-4D81-A5C4-54BC86846975}.Debug|Any CPU.Build.0 = Debug|Any CPU
		{B8AE878B-BBBD-4D81-A5C4-54BC86846975}.Release|Any CPU.ActiveCfg = Release|Any CPU
		{B8AE878B-BBBD-4D81-A5C4-54BC86846975}.Release|Any CPU.Build.0 = Release|Any CPU
	EndGlobalSection
	GlobalSection(SolutionProperties) = preSolution
		HideSolutionNode = FALSE
	EndGlobalSection
	GlobalSection(ExtensibilityGlobals) = postSolution
		SolutionGuid = {6AFEC28A-D110-4684-A5E8-9A822FCC8DDE}
	EndGlobalSection
EndGlobal
